
Microsoft Visual Studio Solution File, Format Version 12.00
# Visual Studio Version 17
VisualStudioVersion = 17.2.32516.85
MinimumVisualStudioVersion = 10.0.40219.1
Project("{FAE04EC0-301F-11D3-BF4B-00C04F79EFBC}") = "ASPLibrary", "ASPLibrary\ASPLibrary.csproj", "{FEF63274-F4A3-4CD8-8B25-B4E0FFCAD5DA}"
EndProject
Global
	GlobalSection(SolutionConfigurationPlatforms) = preSolution
		Debug|Any CPU = Debug|Any CPU
		Release|Any CPU = Release|Any CPU
	EndGlobalSection
	GlobalSection(ProjectConfigurationPlatforms) = postSolution
		{FEF63274-F4A3-4CD8-8B25-B4E0FFCAD5DA}.Debug|Any CPU.ActiveCfg = Debug|Any CPU
		{FEF63274-F4A3-4CD8-8B25-B4E0FFCAD5DA}.Debug|Any CPU.Build.0 = Debug|Any CPU
		{FEF63274-F4A3-4CD8-8B25-B4E0FFCAD5DA}.Release|Any CPU.ActiveCfg = Release|Any CPU
		{FEF63274-F4A3-4CD8-8B25-B4E0FFCAD5DA}.Release|Any CPU.Build.0 = Release|Any CPU
	EndGlobalSection
	GlobalSection(SolutionProperties) = preSolution
		HideSolutionNode = FALSE
	EndGlobalSection
	GlobalSection(ExtensibilityGlobals) = postSolution
		SolutionGuid = {6B631AC9-4E17-4782-90F7-6D253FDE5C58}
	EndGlobalSection
EndGlobal
